{
  "name": "@power-industries/schemajs",
  "version": "2.0.0-beta.1",
  "lockfileVersion": 1,
  "requires": true,
  "dependencies": {
    "@power-industries/typejs": {
      "version": "1.0.0",
      "resolved": "https://registry.npmjs.org/@power-industries/typejs/-/typejs-1.0.0.tgz",
      "integrity": "sha512-3OTh8JtcONQnS+rJDgcSRL9CRGlE2Bvy9h2Se6iogmsri7bKd6+uSsa60O6YgfopYrJTrMBQ9hM499sfvJd2ig=="
    }
  }
}
